
Microsoft Visual Studio Solution File, Format Version 12.00
# Visual Studio Version 17
VisualStudioVersion = 17.8.34525.116
MinimumVisualStudioVersion = 10.0.40219.1
Project("{9A19103F-16F7-4668-BE54-9A1E7A4F7556}") = "SalesandInventory", "SalesandInventory\SalesandInventory.csproj", "{BFBEC3B3-6026-41EA-83B1-D1EC84BD906A}"
EndProject
Global
	GlobalSection(SolutionConfigurationPlatforms) = preSolution
		Debug|Any CPU = Debug|Any CPU
		Release|Any CPU = Release|Any CPU
	EndGlobalSection
	GlobalSection(ProjectConfigurationPlatforms) = postSolution
		{BFBEC3B3-6026-41EA-83B1-D1EC84BD906A}.Debug|Any CPU.ActiveCfg = Debug|Any CPU
		{BFBEC3B3-6026-41EA-83B1-D1EC84BD906A}.Debug|Any CPU.Build.0 = Debug|Any CPU
		{BFBEC3B3-6026-41EA-83B1-D1EC84BD906A}.Release|Any CPU.ActiveCfg = Release|Any CPU
		{BFBEC3B3-6026-41EA-83B1-D1EC84BD906A}.Release|Any CPU.Build.0 = Release|Any CPU
	EndGlobalSection
	GlobalSection(SolutionProperties) = preSolution
		HideSolutionNode = FALSE
	EndGlobalSection
	GlobalSection(ExtensibilityGlobals) = postSolution
		SolutionGuid = {15C0EC97-7A0F-4D82-9450-4AB2E95B792D}
	EndGlobalSection
EndGlobal
